
Microsoft Visual Studio Solution File, Format Version 12.00
# Visual Studio 14
VisualStudioVersion = 14.0.25420.1
MinimumVisualStudioVersion = 10.0.40219.1
Project("{FAE04EC0-301F-11D3-BF4B-00C04F79EFBC}") = "Login", "Login\Login.csproj", "{92C62397-FB12-454B-935C-1F916B208DE1}"
EndProject
Project("{FAE04EC0-301F-11D3-BF4B-00C04F79EFBC}") = "Registration", "CreateAccount\Registration.csproj", "{8EDF4429-251A-416D-BB68-93F227191BCF}"
EndProject
Project("{FAE04EC0-301F-11D3-BF4B-00C04F79EFBC}") = "RepoClass", "RepoClass\RepoClass.csproj", "{1110AF91-27AB-460B-8652-105C9E34461C}"
EndProject
Project("{FAE04EC0-301F-11D3-BF4B-00C04F79EFBC}") = "Opinions", "Opinions\Opinions.csproj", "{AF6A034B-3999-47FF-BC45-39C05B5D1FB7}"
EndProject
Project("{FAE04EC0-301F-11D3-BF4B-00C04F79EFBC}") = "AllControls", "AllControls\AllControls.csproj", "{B5F35816-FA40-4C87-A753-EC48AF54B3FA}"
EndProject
Project("{FAE04EC0-301F-11D3-BF4B-00C04F79EFBC}") = "Books", "Books\Books.csproj", "{1380C686-142E-42A1-A820-F8450323CF77}"
EndProject
Project("{FAE04EC0-301F-11D3-BF4B-00C04F79EFBC}") = "BooksList", "BooksList\BooksList.csproj", "{84BB2FEB-12FA-429F-A911-72A7DFB076A0}"
EndProject
Project("{FAE04EC0-301F-11D3-BF4B-00C04F79EFBC}") = "OpinionsList", "UsersOpinionsList\OpinionsList.csproj", "{DC089BED-4B8F-49BC-9850-33A4080CEECF}"
EndProject
Project("{FAE04EC0-301F-11D3-BF4B-00C04F79EFBC}") = "UsersList", "UsersList\UsersList.csproj", "{159464EB-8B5D-430D-B0FF-786A14834D3F}"
EndProject
Project("{FAE04EC0-301F-11D3-BF4B-00C04F79EFBC}") = "Searching", "Searching\Searching.csproj", "{ACAE5538-F253-4D74-BA1D-CDD5182AC5AB}"
EndProject
Global
	GlobalSection(SolutionConfigurationPlatforms) = preSolution
		Debug|Any CPU = Debug|Any CPU
		Release|Any CPU = Release|Any CPU
	EndGlobalSection
	GlobalSection(ProjectConfigurationPlatforms) = postSolution
		{92C62397-FB12-454B-935C-1F916B208DE1}.Debug|Any CPU.ActiveCfg = Debug|Any CPU
		{92C62397-FB12-454B-935C-1F916B208DE1}.Debug|Any CPU.Build.0 = Debug|Any CPU
		{92C62397-FB12-454B-935C-1F916B208DE1}.Release|Any CPU.ActiveCfg = Release|Any CPU
		{92C62397-FB12-454B-935C-1F916B208DE1}.Release|Any CPU.Build.0 = Release|Any CPU
		{8EDF4429-251A-416D-BB68-93F227191BCF}.Debug|Any CPU.ActiveCfg = Debug|Any CPU
		{8EDF4429-251A-416D-BB68-93F227191BCF}.Debug|Any CPU.Build.0 = Debug|Any CPU
		{8EDF4429-251A-416D-BB68-93F227191BCF}.Release|Any CPU.ActiveCfg = Release|Any CPU
		{8EDF4429-251A-416D-BB68-93F227191BCF}.Release|Any CPU.Build.0 = Release|Any CPU
		{1110AF91-27AB-460B-8652-105C9E34461C}.Debug|Any CPU.ActiveCfg = Debug|Any CPU
		{1110AF91-27AB-460B-8652-105C9E34461C}.Debug|Any CPU.Build.0 = Debug|Any CPU
		{1110AF91-27AB-460B-8652-105C9E34461C}.Release|Any CPU.ActiveCfg = Release|Any CPU
		{1110AF91-27AB-460B-8652-105C9E34461C}.Release|Any CPU.Build.0 = Release|Any CPU
		{AF6A034B-3999-47FF-BC45-39C05B5D1FB7}.Debug|Any CPU.ActiveCfg = Debug|Any CPU
		{AF6A034B-3999-47FF-BC45-39C05B5D1FB7}.Debug|Any CPU.Build.0 = Debug|Any CPU
		{AF6A034B-3999-47FF-BC45-39C05B5D1FB7}.Release|Any CPU.ActiveCfg = Release|Any CPU
		{AF6A034B-3999-47FF-BC45-39C05B5D1FB7}.Release|Any CPU.Build.0 = Release|Any CPU
		{B5F35816-FA40-4C87-A753-EC48AF54B3FA}.Debug|Any CPU.ActiveCfg = Debug|Any CPU
		{B5F35816-FA40-4C87-A753-EC48AF54B3FA}.Debug|Any CPU.Build.0 = Debug|Any CPU
		{B5F35816-FA40-4C87-A753-EC48AF54B3FA}.Release|Any CPU.ActiveCfg = Release|Any CPU
		{B5F35816-FA40-4C87-A753-EC48AF54B3FA}.Release|Any CPU.Build.0 = Release|Any CPU
		{1380C686-142E-42A1-A820-F8450323CF77}.Debug|Any CPU.ActiveCfg = Debug|Any CPU
		{1380C686-142E-42A1-A820-F8450323CF77}.Debug|Any CPU.Build.0 = Debug|Any CPU
		{1380C686-142E-42A1-A820-F8450323CF77}.Release|Any CPU.ActiveCfg = Release|Any CPU
		{1380C686-142E-42A1-A820-F8450323CF77}.Release|Any CPU.Build.0 = Release|Any CPU
		{84BB2FEB-12FA-429F-A911-72A7DFB076A0}.Debug|Any CPU.ActiveCfg = Debug|Any CPU
		{84BB2FEB-12FA-429F-A911-72A7DFB076A0}.Debug|Any CPU.Build.0 = Debug|Any CPU
		{84BB2FEB-12FA-429F-A911-72A7DFB076A0}.Release|Any CPU.ActiveCfg = Release|Any CPU
		{84BB2FEB-12FA-429F-A911-72A7DFB076A0}.Release|Any CPU.Build.0 = Release|Any CPU
		{DC089BED-4B8F-49BC-9850-33A4080CEECF}.Debug|Any CPU.ActiveCfg = Debug|Any CPU
		{DC089BED-4B8F-49BC-9850-33A4080CEECF}.Debug|Any CPU.Build.0 = Debug|Any CPU
		{DC089BED-4B8F-49BC-9850-33A4080CEECF}.Release|Any CPU.ActiveCfg = Release|Any CPU
		{DC089BED-4B8F-49BC-9850-33A4080CEECF}.Release|Any CPU.Build.0 = Release|Any CPU
		{159464EB-8B5D-430D-B0FF-786A14834D3F}.Debug|Any CPU.ActiveCfg = Debug|Any CPU
		{159464EB-8B5D-430D-B0FF-786A14834D3F}.Debug|Any CPU.Build.0 = Debug|Any CPU
		{159464EB-8B5D-430D-B0FF-786A14834D3F}.Release|Any CPU.ActiveCfg = Release|Any CPU
		{159464EB-8B5D-430D-B0FF-786A14834D3F}.Release|Any CPU.Build.0 = Release|Any CPU
		{ACAE5538-F253-4D74-BA1D-CDD5182AC5AB}.Debug|Any CPU.ActiveCfg = Debug|Any CPU
		{ACAE5538-F253-4D74-BA1D-CDD5182AC5AB}.Debug|Any CPU.Build.0 = Debug|Any CPU
		{ACAE5538-F253-4D74-BA1D-CDD5182AC5AB}.Release|Any CPU.ActiveCfg = Release|Any CPU
		{ACAE5538-F253-4D74-BA1D-CDD5182AC5AB}.Release|Any CPU.Build.0 = Release|Any CPU
	EndGlobalSection
	GlobalSection(SolutionProperties) = preSolution
		HideSolutionNode = FALSE
	EndGlobalSection
	GlobalSection(ExtensibilityGlobals) = postSolution
		SolutionGuid = {E5FA97D7-5631-486E-9138-CE55C8533F24}
	EndGlobalSection
EndGlobal
